
Microsoft Visual Studio Solution File, Format Version 12.00
# Visual Studio Version 17
VisualStudioVersion = 17.11.35303.130
MinimumVisualStudioVersion = 10.0.40219.1
Project("{9A19103F-16F7-4668-BE54-9A1E7A4F7556}") = "MyPokemonRPG", "MyPokemonRPG.csproj", "{75A6F57C-A6F6-4F52-A8D6-74495E76BE5A}"
EndProject
Project("{9A19103F-16F7-4668-BE54-9A1E7A4F7556}") = "MyPokemonRPG.BattleSystem", "..\MyPokemonRPG.BattleSystem\MyPokemonRPG.BattleSystem.csproj", "{40FBF4DF-1ACC-4167-A5BD-3124C2787148}"
EndProject
Project("{9A19103F-16F7-4668-BE54-9A1E7A4F7556}") = "MyPokemonRPG.Models", "..\MyPokemonRPG.Models\MyPokemonRPG.Models.csproj", "{A0142E8D-7346-4736-972F-BCAFA05B1D8D}"
EndProject
Project("{9A19103F-16F7-4668-BE54-9A1E7A4F7556}") = "MyPokemonRPG.Services", "..\MyPokemonRPG.Services\MyPokemonRPG.Services.csproj", "{9F8F7589-13E8-4989-8C3F-527F117919CB}"
EndProject
Project("{9A19103F-16F7-4668-BE54-9A1E7A4F7556}") = "MyPokemonRPG.Repositories", "..\MyPokemonRPG.Repositories\MyPokemonRPG.Repositories.csproj", "{D70563E3-C612-4E65-9CBE-C88E27C5AFD4}"
EndProject
Project("{9A19103F-16F7-4668-BE54-9A1E7A4F7556}") = "MyPokemonRPG.Utilities", "..\MyPokemonRPG.Utilities\MyPokemonRPG.Utilities.csproj", "{16BDDA87-3690-4B0C-BB3E-54C735D751B3}"
EndProject
Project("{FAE04EC0-301F-11D3-BF4B-00C04F79EFBC}") = "MyPokemonRPG.Respositories.Tests", "..\MyPokemonRPG.Respositories.Tests\MyPokemonRPG.Respositories.Tests.csproj", "{80806A3D-9E6E-4A58-A679-4E5982ADEEE6}"
EndProject
Global
	GlobalSection(SolutionConfigurationPlatforms) = preSolution
		Debug|Any CPU = Debug|Any CPU
		Release|Any CPU = Release|Any CPU
	EndGlobalSection
	GlobalSection(ProjectConfigurationPlatforms) = postSolution
		{75A6F57C-A6F6-4F52-A8D6-74495E76BE5A}.Debug|Any CPU.ActiveCfg = Debug|Any CPU
		{75A6F57C-A6F6-4F52-A8D6-74495E76BE5A}.Debug|Any CPU.Build.0 = Debug|Any CPU
		{75A6F57C-A6F6-4F52-A8D6-74495E76BE5A}.Release|Any CPU.ActiveCfg = Release|Any CPU
		{75A6F57C-A6F6-4F52-A8D6-74495E76BE5A}.Release|Any CPU.Build.0 = Release|Any CPU
		{40FBF4DF-1ACC-4167-A5BD-3124C2787148}.Debug|Any CPU.ActiveCfg = Debug|Any CPU
		{40FBF4DF-1ACC-4167-A5BD-3124C2787148}.Debug|Any CPU.Build.0 = Debug|Any CPU
		{40FBF4DF-1ACC-4167-A5BD-3124C2787148}.Release|Any CPU.ActiveCfg = Release|Any CPU
		{40FBF4DF-1ACC-4167-A5BD-3124C2787148}.Release|Any CPU.Build.0 = Release|Any CPU
		{A0142E8D-7346-4736-972F-BCAFA05B1D8D}.Debug|Any CPU.ActiveCfg = Debug|Any CPU
		{A0142E8D-7346-4736-972F-BCAFA05B1D8D}.Debug|Any CPU.Build.0 = Debug|Any CPU
		{A0142E8D-7346-4736-972F-BCAFA05B1D8D}.Release|Any CPU.ActiveCfg = Release|Any CPU
		{A0142E8D-7346-4736-972F-BCAFA05B1D8D}.Release|Any CPU.Build.0 = Release|Any CPU
		{9F8F7589-13E8-4989-8C3F-527F117919CB}.Debug|Any CPU.ActiveCfg = Debug|Any CPU
		{9F8F7589-13E8-4989-8C3F-527F117919CB}.Debug|Any CPU.Build.0 = Debug|Any CPU
		{9F8F7589-13E8-4989-8C3F-527F117919CB}.Release|Any CPU.ActiveCfg = Release|Any CPU
		{9F8F7589-13E8-4989-8C3F-527F117919CB}.Release|Any CPU.Build.0 = Release|Any CPU
		{D70563E3-C612-4E65-9CBE-C88E27C5AFD4}.Debug|Any CPU.ActiveCfg = Debug|Any CPU
		{D70563E3-C612-4E65-9CBE-C88E27C5AFD4}.Debug|Any CPU.Build.0 = Debug|Any CPU
		{D70563E3-C612-4E65-9CBE-C88E27C5AFD4}.Release|Any CPU.ActiveCfg = Release|Any CPU
		{D70563E3-C612-4E65-9CBE-C88E27C5AFD4}.Release|Any CPU.Build.0 = Release|Any CPU
		{16BDDA87-3690-4B0C-BB3E-54C735D751B3}.Debug|Any CPU.ActiveCfg = Debug|Any CPU
		{16BDDA87-3690-4B0C-BB3E-54C735D751B3}.Debug|Any CPU.Build.0 = Debug|Any CPU
		{16BDDA87-3690-4B0C-BB3E-54C735D751B3}.Release|Any CPU.ActiveCfg = Release|Any CPU
		{16BDDA87-3690-4B0C-BB3E-54C735D751B3}.Release|Any CPU.Build.0 = Release|Any CPU
		{80806A3D-9E6E-4A58-A679-4E5982ADEEE6}.Debug|Any CPU.ActiveCfg = Debug|Any CPU
		{80806A3D-9E6E-4A58-A679-4E5982ADEEE6}.Debug|Any CPU.Build.0 = Debug|Any CPU
		{80806A3D-9E6E-4A58-A679-4E5982ADEEE6}.Release|Any CPU.ActiveCfg = Release|Any CPU
		{80806A3D-9E6E-4A58-A679-4E5982ADEEE6}.Release|Any CPU.Build.0 = Release|Any CPU
	EndGlobalSection
	GlobalSection(SolutionProperties) = preSolution
		HideSolutionNode = FALSE
	EndGlobalSection
	GlobalSection(ExtensibilityGlobals) = postSolution
		SolutionGuid = {B80D5BDD-5FD6-4949-AE89-16AD8A185F0D}
	EndGlobalSection
EndGlobal
